
Microsoft Visual Studio Solution File, Format Version 12.00
# Visual Studio 15
VisualStudioVersion = 15.0.27428.2015
MinimumVisualStudioVersion = 10.0.40219.1
Project("{5697748A-77EF-44CA-8824-4F5637E5945B}") = "ZatenkeinsLotteryManager", "ZatenkeinsLotteryManager\ZatenkeinsLotteryManager.luaproj", "{E439935D-B2A2-46AE-856D-2AA408428F33}"
EndProject
Project("{2150E333-8FDC-42A3-9474-1A3956D46DE8}") = "ZatenkeinsLotteryManager", "ZatenkeinsLotteryManager", "{DA70591E-67C4-497D-8193-2B2B9D1564AB}"
	ProjectSection(SolutionItems) = preProject
		ZatenkeinsLotteryManager\ZatenekinsLotteryManager.PackageHandler.lua = ZatenkeinsLotteryManager\ZatenekinsLotteryManager.PackageHandler.lua
		ZatenkeinsLotteryManager\ZatenkeinsLotteryManager.Core.lua = ZatenkeinsLotteryManager\ZatenkeinsLotteryManager.Core.lua
		ZatenkeinsLotteryManager\ZatenkeinsLotteryManager.Options.lua = ZatenkeinsLotteryManager\ZatenkeinsLotteryManager.Options.lua
		ZatenkeinsLotteryManager\ZatenkeinsLotteryManager.TallyWhacker.lua = ZatenkeinsLotteryManager\ZatenkeinsLotteryManager.TallyWhacker.lua
		ZatenkeinsLotteryManager\ZatenkeinsLotteryManager.toc = ZatenkeinsLotteryManager\ZatenkeinsLotteryManager.toc
	EndProjectSection
EndProject
Global
	GlobalSection(SolutionConfigurationPlatforms) = preSolution
		Debug|Any CPU = Debug|Any CPU
		Release|Any CPU = Release|Any CPU
	EndGlobalSection
	GlobalSection(ProjectConfigurationPlatforms) = postSolution
		{E439935D-B2A2-46AE-856D-2AA408428F33}.Debug|Any CPU.ActiveCfg = Debug|Any CPU
		{E439935D-B2A2-46AE-856D-2AA408428F33}.Debug|Any CPU.Build.0 = Debug|Any CPU
		{E439935D-B2A2-46AE-856D-2AA408428F33}.Release|Any CPU.ActiveCfg = Release|Any CPU
		{E439935D-B2A2-46AE-856D-2AA408428F33}.Release|Any CPU.Build.0 = Release|Any CPU
	EndGlobalSection
	GlobalSection(SolutionProperties) = preSolution
		HideSolutionNode = FALSE
	EndGlobalSection
	GlobalSection(ExtensibilityGlobals) = postSolution
		SolutionGuid = {52434A00-7509-4C2C-9A6D-3C331E1AFFD7}
	EndGlobalSection
EndGlobal
